# This file is generated by running "yarn install" inside your project.
# Manual changes might be lost - proceed with caution!

__metadata:
  version: 6
  cacheKey: 8

"ratchet-angular-common@workspace:.":
  version: 0.0.0-use.local
  resolution: "ratchet-angular-common@workspace:."
  dependencies:
    tslib: ^2.3.0
  peerDependencies:
    "@angular/common": 18.1.4
    "@angular/core": 18.1.4
    primeflex: 3.3.1
    primeicons: 7.0.0
    primeng: 17.18.8
  languageName: unknown
  linkType: soft

"tslib@npm:^2.3.0":
  version: 2.6.3
  resolution: "tslib@npm:2.6.3"
  checksum: 74fce0e100f1ebd95b8995fbbd0e6c91bdd8f4c35c00d4da62e285a3363aaa534de40a80db30ecfd388ed7c313c42d930ee0eaf108e8114214b180eec3dbe6f5
  languageName: node
  linkType: hard
